// !$*UTF8*$!
{
	archiveVersion = 1;
	classes = {
	};
	objectVersion = 50;
	objects = {

/* Begin PBXBuildFile section */
		4A401FE823161E8300638057 /* AppDelegate.swift in Sources */ = {isa = PBXBuildFile; fileRef = 4A401FE723161E8300638057 /* AppDelegate.swift */; };
		4A401FEA23161E8300638057 /* ViewController.swift in Sources */ = {isa = PBXBuildFile; fileRef = 4A401FE923161E8300638057 /* ViewController.swift */; };
		4A401FED23161E8300638057 /* Main.storyboard in Resources */ = {isa = PBXBuildFile; fileRef = 4A401FEB23161E8300638057 /* Main.storyboard */; };
		4A401FEF23161E8400638057 /* Assets.xcassets in Resources */ = {isa = PBXBuildFile; fileRef = 4A401FEE23161E8400638057 /* Assets.xcassets */; };
		4A401FF223161E8400638057 /* LaunchScreen.storyboard in Resources */ = {isa = PBXBuildFile; fileRef = 4A401FF023161E8400638057 /* LaunchScreen.storyboard */; };
		4A401FFD23161E8400638057 /* CAVideoTests.swift in Sources */ = {isa = PBXBuildFile; fileRef = 4A401FFC23161E8400638057 /* CAVideoTests.swift */; };
		4A40200823161E8400638057 /* CAVideoUITests.swift in Sources */ = {isa = PBXBuildFile; fileRef = 4A40200723161E8400638057 /* CAVideoUITests.swift */; };
/* End PBXBuildFile section */

/* Begin PBXContainerItemProxy section */
		4A401FF923161E8400638057 /* PBXContainerItemProxy */ = {
			isa = PBXContainerItemProxy;
			containerPortal = 4A401FDC23161E8300638057 /* Project object */;
			proxyType = 1;
			remoteGlobalIDString = 4A401FE323161E8300638057;
			remoteInfo = CAVideo;
		};
		4A40200423161E8400638057 /* PBXContainerItemProxy */ = {
			isa = PBXContainerItemProxy;
			containerPortal = 4A401FDC23161E8300638057 /* Project object */;
			proxyType = 1;
			remoteGlobalIDString = 4A401FE323161E8300638057;
			remoteInfo = CAVideo;
		};
/* End PBXContainerItemProxy section */

/* Begin PBXFileReference section */
		4A401FE423161E8300638057 /* CAVideo.app */ = {isa = PBXFileReference; explicitFileType = wrapper.application; includeInIndex = 0; path = CAVideo.app; sourceTree = BUILT_PRODUCTS_DIR; };
		4A401FE723161E8300638057 /* AppDelegate.swift */ = {isa = PBXFileReference; lastKnownFileType = sourcecode.swift; path = AppDelegate.swift; sourceTree = "<group>"; };
		4A401FE923161E8300638057 /* ViewController.swift */ = {isa = PBXFileReference; lastKnownFileType = sourcecode.swift; path = ViewController.swift; sourceTree = "<group>"; };
		4A401FEC23161E8300638057 /* Base */ = {isa = PBXFileReference; lastKnownFileType = file.storyboard; name = Base; path = Base.lproj/Main.storyboard; sourceTree = "<group>"; };
		4A401FEE23161E8400638057 /* Assets.xcassets */ = {isa = PBXFileReference; lastKnownFileType = folder.assetcatalog; path = Assets.xcassets; sourceTree = "<group>"; };
		4A401FF123161E8400638057 /* Base */ = {isa = PBXFileReference; lastKnownFileType = file.storyboard; name = Base; path = Base.lproj/LaunchScreen.storyboard; sourceTree = "<group>"; };
		4A401FF323161E8400638057 /* Info.plist */ = {isa = PBXFileReference; lastKnownFileType = text.plist.xml; path = Info.plist; sourceTree = "<group>"; };
		4A401FF823161E8400638057 /* CAVideoTests.xctest */ = {isa = PBXFileReference; explicitFileType = wrapper.cfbundle; includeInIndex = 0; path = CAVideoTests.xctest; sourceTree = BUILT_PRODUCTS_DIR; };
		4A401FFC23161E8400638057 /* CAVideoTests.swift */ = {isa = PBXFileReference; lastKnownFileType = sourcecode.swift; path = CAVideoTests.swift; sourceTree = "<group>"; };
		4A401FFE23161E8400638057 /* Info.plist */ = {isa = PBXFileReference; lastKnownFileType = text.plist.xml; path = Info.plist; sourceTree = "<group>"; };
		4A40200323161E8400638057 /* CAVideoUITests.xctest */ = {isa = PBXFileReference; explicitFileType = wrapper.cfbundle; includeInIndex = 0; path = CAVideoUITests.xctest; sourceTree = BUILT_PRODUCTS_DIR; };
		4A40200723161E8400638057 /* CAVideoUITests.swift */ = {isa = PBXFileReference; lastKnownFileType = sourcecode.swift; path = CAVideoUITests.swift; sourceTree = "<group>"; };
		4A40200923161E8400638057 /* Info.plist */ = {isa = PBXFileReference; lastKnownFileType = text.plist.xml; path = Info.plist; sourceTree = "<group>"; };
/* End PBXFileReference section */

/* Begin PBXFrameworksBuildPhase section */
		4A401FE123161E8300638057 /* Frameworks */ = {
			isa = PBXFrameworksBuildPhase;
			buildActionMask = 2147483647;
			files = (
			);
			runOnlyForDeploymentPostprocessing = 0;
		};
		4A401FF523161E8400638057 /* Frameworks */ = {
			isa = PBXFrameworksBuildPhase;
			buildActionMask = 2147483647;
			files = (
			);
			runOnlyForDeploymentPostprocessing = 0;
		};
		4A40200023161E8400638057 /* Frameworks */ = {
			isa = PBXFrameworksBuildPhase;
			buildActionMask = 2147483647;
			files = (
			);
			runOnlyForDeploymentPostprocessing = 0;
		};
/* End PBXFrameworksBuildPhase section */

/* Begin PBXGroup section */
		4A401FDB23161E8300638057 = {
			isa = PBXGroup;
			children = (
				4A401FE623161E8300638057 /* CAVideo */,
				4A401FFB23161E8400638057 /* CAVideoTests */,
				4A40200623161E8400638057 /* CAVideoUITests */,
				4A401FE523161E8300638057 /* Products */,
			);
			sourceTree = "<group>";
		};
		4A401FE523161E8300638057 /* Products */ = {
			isa = PBXGroup;
			children = (
				4A401FE423161E8300638057 /* CAVideo.app */,
				4A401FF823161E8400638057 /* CAVideoTests.xctest */,
				4A40200323161E8400638057 /* CAVideoUITests.xctest */,
			);
			name = Products;
			sourceTree = "<group>";
		};
		4A401FE623161E8300638057 /* CAVideo */ = {
			isa = PBXGroup;
			children = (
				4A401FE723161E8300638057 /* AppDelegate.swift */,
				4A401FE923161E8300638057 /* ViewController.swift */,
				4A401FEB23161E8300638057 /* Main.storyboard */,
				4A401FEE23161E8400638057 /* Assets.xcassets */,
				4A401FF023161E8400638057 /* LaunchScreen.storyboard */,
				4A401FF323161E8400638057 /* Info.plist */,
			);
			path = CAVideo;
			sourceTree = "<group>";
		};
		4A401FFB23161E8400638057 /* CAVideoTests */ = {
			isa = PBXGroup;
			children = (
				4A401FFC23161E8400638057 /* CAVideoTests.swift */,
				4A401FFE23161E8400638057 /* Info.plist */,
			);
			path = CAVideoTests;
			sourceTree = "<group>";
		};
		4A40200623161E8400638057 /* CAVideoUITests */ = {
			isa = PBXGroup;
			children = (
				4A40200723161E8400638057 /* CAVideoUITests.swift */,
				4A40200923161E8400638057 /* Info.plist */,
			);
			path = CAVideoUITests;
			sourceTree = "<group>";
		};
/* End PBXGroup section */

/* Begin PBXNativeTarget section */
		4A401FE323161E8300638057 /* CAVideo */ = {
			isa = PBXNativeTarget;
			buildConfigurationList = 4A40200C23161E8400638057 /* Build configuration list for PBXNativeTarget "CAVideo" */;
			buildPhases = (
				4A401FE023161E8300638057 /* Sources */,
				4A401FE123161E8300638057 /* Frameworks */,
				4A401FE223161E8300638057 /* Resources */,
			);
			buildRules = (
			);
			dependencies = (
			);
			name = CAVideo;
			productName = CAVideo;
			productReference = 4A401FE423161E8300638057 /* CAVideo.app */;
			productType = "com.apple.product-type.application";
		};
		4A401FF723161E8400638057 /* CAVideoTests */ = {
			isa = PBXNativeTarget;
			buildConfigurationList = 4A40200F23161E8400638057 /* Build configuration list for PBXNativeTarget "CAVideoTests" */;
			buildPhases = (
				4A401FF423161E8400638057 /* Sources */,
				4A401FF523161E8400638057 /* Frameworks */,
				4A401FF623161E8400638057 /* Resources */,
			);
			buildRules = (
			);
			dependencies = (
				4A401FFA23161E8400638057 /* PBXTargetDependency */,
			);
			name = CAVideoTests;
			productName = CAVideoTests;
			productReference = 4A401FF823161E8400638057 /* CAVideoTests.xctest */;
			productType = "com.apple.product-type.bundle.unit-test";
		};
		4A40200223161E8400638057 /* CAVideoUITests */ = {
			isa = PBXNativeTarget;
			buildConfigurationList = 4A40201223161E8400638057 /* Build configuration list for PBXNativeTarget "CAVideoUITests" */;
			buildPhases = (
				4A401FFF23161E8400638057 /* Sources */,
				4A40200023161E8400638057 /* Frameworks */,
				4A40200123161E8400638057 /* Resources */,
			);
			buildRules = (
			);
			dependencies = (
				4A40200523161E8400638057 /* PBXTargetDependency */,
			);
			name = CAVideoUITests;
			productName = CAVideoUITests;
			productReference = 4A40200323161E8400638057 /* CAVideoUITests.xctest */;
			productType = "com.apple.product-type.bundle.ui-testing";
		};
/* End PBXNativeTarget section */

/* Begin PBXProject section */
		4A401FDC23161E8300638057 /* Project object */ = {
			isa = PBXProject;
			attributes = {
				LastSwiftUpdateCheck = 1030;
				LastUpgradeCheck = 1030;
				ORGANIZATIONNAME = Cary;
				TargetAttributes = {
					4A401FE323161E8300638057 = {
						CreatedOnToolsVersion = 10.3;
					};
					4A401FF723161E8400638057 = {
						CreatedOnToolsVersion = 10.3;
						TestTargetID = 4A401FE323161E8300638057;
					};
					4A40200223161E8400638057 = {
						CreatedOnToolsVersion = 10.3;
						TestTargetID = 4A401FE323161E8300638057;
					};
				};
			};
			buildConfigurationList = 4A401FDF23161E8300638057 /* Build configuration list for PBXProject "CAVideo" */;
			compatibilityVersion = "Xcode 9.3";
			developmentRegion = en;
			hasScannedForEncodings = 0;
			knownRegions = (
				en,
				Base,
			);
			mainGroup = 4A401FDB23161E8300638057;
			productRefGroup = 4A401FE523161E8300638057 /* Products */;
			projectDirPath = "";
			projectRoot = "";
			targets = (
				4A401FE323161E8300638057 /* CAVideo */,
				4A401FF723161E8400638057 /* CAVideoTests */,
				4A40200223161E8400638057 /* CAVideoUITests */,
			);
		};
/* End PBXProject section */

/* Begin PBXResourcesBuildPhase section */
		4A401FE223161E8300638057 /* Resources */ = {
			isa = PBXResourcesBuildPhase;
			buildActionMask = 2147483647;
			files = (
				4A401FF223161E8400638057 /* LaunchScreen.storyboard in Resources */,
				4A401FEF23161E8400638057 /* Assets.xcassets in Resources */,
				4A401FED23161E8300638057 /* Main.storyboard in Resources */,
			);
			runOnlyForDeploymentPostprocessing = 0;
		};
		4A401FF623161E8400638057 /* Resources */ = {
			isa = PBXResourcesBuildPhase;
			buildActionMask = 2147483647;
			files = (
			);
			runOnlyForDeploymentPostprocessing = 0;
		};
		4A40200123161E8400638057 /* Resources */ = {
			isa = PBXResourcesBuildPhase;
			buildActionMask = 2147483647;
			files = (
			);
			runOnlyForDeploymentPostprocessing = 0;
		};
/* End PBXResourcesBuildPhase section */

/* Begin PBXSourcesBuildPhase section */
		4A401FE023161E8300638057 /* Sources */ = {
			isa = PBXSourcesBuildPhase;
			buildActionMask = 2147483647;
			files = (
				4A401FEA23161E8300638057 /* ViewController.swift in Sources */,
				4A401FE823161E8300638057 /* AppDelegate.swift in Sources */,
			);
			runOnlyForDeploymentPostprocessing = 0;
		};
		4A401FF423161E8400638057 /* Sources */ = {
			isa = PBXSourcesBuildPhase;
			buildActionMask = 2147483647;
			files = (
				4A401FFD23161E8400638057 /* CAVideoTests.swift in Sources */,
			);
			runOnlyForDeploymentPostprocessing = 0;
		};
		4A401FFF23161E8400638057 /* Sources */ = {
			isa = PBXSourcesBuildPhase;
			buildActionMask = 2147483647;
			files = (
				4A40200823161E8400638057 /* CAVideoUITests.swift in Sources */,
			);
			runOnlyForDeploymentPostprocessing = 0;
		};
/* End PBXSourcesBuildPhase section */

/* Begin PBXTargetDependency section */
		4A401FFA23161E8400638057 /* PBXTargetDependency */ = {
			isa = PBXTargetDependency;
			target = 4A401FE323161E8300638057 /* CAVideo */;
			targetProxy = 4A401FF923161E8400638057 /* PBXContainerItemProxy */;
		};
		4A40200523161E8400638057 /* PBXTargetDependency */ = {
			isa = PBXTargetDependency;
			target = 4A401FE323161E8300638057 /* CAVideo */;
			targetProxy = 4A40200423161E8400638057 /* PBXContainerItemProxy */;
		};
/* End PBXTargetDependency section */

/* Begin PBXVariantGroup section */
		4A401FEB23161E8300638057 /* Main.storyboard */ = {
			isa = PBXVariantGroup;
			children = (
				4A401FEC23161E8300638057 /* Base */,
			);
			name = Main.storyboard;
			sourceTree = "<group>";
		};
		4A401FF023161E8400638057 /* LaunchScreen.storyboard */ = {
			isa = PBXVariantGroup;
			children = (
				4A401FF123161E8400638057 /* Base */,
			);
			name = LaunchScreen.storyboard;
			sourceTree = "<group>";
		};
/* End PBXVariantGroup section */

/* Begin XCBuildConfiguration section */
		4A40200A23161E8400638057 /* Debug */ = {
			isa = XCBuildConfiguration;
			buildSettings = {
				ALWAYS_SEARCH_USER_PATHS = NO;
				CLANG_ANALYZER_NONNULL = YES;
				CLANG_ANALYZER_NUMBER_OBJECT_CONVERSION = YES_AGGRESSIVE;
				CLANG_CXX_LANGUAGE_STANDARD = "gnu++14";
				CLANG_CXX_LIBRARY = "libc++";
				CLANG_ENABLE_MODULES = YES;
				CLANG_ENABLE_OBJC_ARC = YES;
				CLANG_ENABLE_OBJC_WEAK = YES;
				CLANG_WARN_BLOCK_CAPTURE_AUTORELEASING = YES;
				CLANG_WARN_BOOL_CONVERSION = YES;
				CLANG_WARN_COMMA = YES;
				CLANG_WARN_CONSTANT_CONVERSION = YES;
				CLANG_WARN_DEPRECATED_OBJC_IMPLEMENTATIONS = YES;
				CLANG_WARN_DIRECT_OBJC_ISA_USAGE = YES_ERROR;
				CLANG_WARN_DOCUMENTATION_COMMENTS = YES;
				CLANG_WARN_EMPTY_BODY = YES;
				CLANG_WARN_ENUM_CONVERSION = YES;
				CLANG_WARN_INFINITE_RECURSION = YES;
				CLANG_WARN_INT_CONVERSION = YES;
				CLANG_WARN_NON_LITERAL_NULL_CONVERSION = YES;
				CLANG_WARN_OBJC_IMPLICIT_RETAIN_SELF = YES;
				CLANG_WARN_OBJC_LITERAL_CONVERSION = YES;
				CLANG_WARN_OBJC_ROOT_CLASS = YES_ERROR;
				CLANG_WARN_RANGE_LOOP_ANALYSIS = YES;
				CLANG_WARN_STRICT_PROTOTYPES = YES;
				CLANG_WARN_SUSPICIOUS_MOVE = YES;
				CLANG_WARN_UNGUARDED_AVAILABILITY = YES_AGGRESSIVE;
				CLANG_WARN_UNREACHABLE_CODE = YES;
				CLANG_WARN__DUPLICATE_METHOD_MATCH = YES;
				CODE_SIGN_IDENTITY = "iPhone Developer";
				COPY_PHASE_STRIP = NO;
				DEBUG_INFORMATION_FORMAT = dwarf;
				ENABLE_STRICT_OBJC_MSGSEND = YES;
				ENABLE_TESTABILITY = YES;
				GCC_C_LANGUAGE_STANDARD = gnu11;
				GCC_DYNAMIC_NO_PIC = NO;
				GCC_NO_COMMON_BLOCKS = YES;
				GCC_OPTIMIZATION_LEVEL = 0;
				GCC_PREPROCESSOR_DEFINITIONS = (
					"DEBUG=1",
					"$(inherited)",
				);
				GCC_WARN_64_TO_32_BIT_CONVERSION = YES;
				GCC_WARN_ABOUT_RETURN_TYPE = YES_ERROR;
				GCC_WARN_UNDECLARED_SELECTOR = YES;
				GCC_WARN_UNINITIALIZED_AUTOS = YES_AGGRESSIVE;
				GCC_WARN_UNUSED_FUNCTION = YES;
				GCC_WARN_UNUSED_VARIABLE = YES;
				IPHONEOS_DEPLOYMENT_TARGET = 12.4;
				MTL_ENABLE_DEBUG_INFO = INCLUDE_SOURCE;
				MTL_FAST_MATH = YES;
				ONLY_ACTIVE_ARCH = YES;
				SDKROOT = iphoneos;
				SWIFT_ACTIVE_COMPILATION_CONDITIONS = DEBUG;
				SWIFT_OPTIMIZATION_LEVEL = "-Onone";
			};
			name = Debug;
		};
		4A40200B23161E8400638057 /* Release */ = {
			isa = XCBuildConfiguration;
			buildSettings = {
				ALWAYS_SEARCH_USER_PATHS = NO;
				CLANG_ANALYZER_NONNULL = YES;
				CLANG_ANALYZER_NUMBER_OBJECT_CONVERSION = YES_AGGRESSIVE;
				CLANG_CXX_LANGUAGE_STANDARD = "gnu++14";
				CLANG_CXX_LIBRARY = "libc++";
				CLANG_ENABLE_MODULES = YES;
				CLANG_ENABLE_OBJC_ARC = YES;
				CLANG_ENABLE_OBJC_WEAK = YES;
				CLANG_WARN_BLOCK_CAPTURE_AUTORELEASING = YES;
				CLANG_WARN_BOOL_CONVERSION = YES;
				CLANG_WARN_COMMA = YES;
				CLANG_WARN_CONSTANT_CONVERSION = YES;
				CLANG_WARN_DEPRECATED_OBJC_IMPLEMENTATIONS = YES;
				CLANG_WARN_DIRECT_OBJC_ISA_USAGE = YES_ERROR;
				CLANG_WARN_DOCUMENTATION_COMMENTS = YES;
				CLANG_WARN_EMPTY_BODY = YES;
				CLANG_WARN_ENUM_CONVERSION = YES;
				CLANG_WARN_INFINITE_RECURSION = YES;
				CLANG_WARN_INT_CONVERSION = YES;
				CLANG_WARN_NON_LITERAL_NULL_CONVERSION = YES;
				CLANG_WARN_OBJC_IMPLICIT_RETAIN_SELF = YES;
				CLANG_WARN_OBJC_LITERAL_CONVERSION = YES;
				CLANG_WARN_OBJC_ROOT_CLASS = YES_ERROR;
				CLANG_WARN_RANGE_LOOP_ANALYSIS = YES;
				CLANG_WARN_STRICT_PROTOTYPES = YES;
				CLANG_WARN_SUSPICIOUS_MOVE = YES;
				CLANG_WARN_UNGUARDED_AVAILABILITY = YES_AGGRESSIVE;
				CLANG_WARN_UNREACHABLE_CODE = YES;
				CLANG_WARN__DUPLICATE_METHOD_MATCH = YES;
				CODE_SIGN_IDENTITY = "iPhone Developer";
				COPY_PHASE_STRIP = NO;
				DEBUG_INFORMATION_FORMAT = "dwarf-with-dsym";
				ENABLE_NS_ASSERTIONS = NO;
				ENABLE_STRICT_OBJC_MSGSEND = YES;
				GCC_C_LANGUAGE_STANDARD = gnu11;
				GCC_NO_COMMON_BLOCKS = YES;
				GCC_WARN_64_TO_32_BIT_CONVERSION = YES;
				GCC_WARN_ABOUT_RETURN_TYPE = YES_ERROR;
				GCC_WARN_UNDECLARED_SELECTOR = YES;
				GCC_WARN_UNINITIALIZED_AUTOS = YES_AGGRESSIVE;
				GCC_WARN_UNUSED_FUNCTION = YES;
				GCC_WARN_UNUSED_VARIABLE = YES;
				IPHONEOS_DEPLOYMENT_TARGET = 12.4;
				MTL_ENABLE_DEBUG_INFO = NO;
				MTL_FAST_MATH = YES;
				SDKROOT = iphoneos;
				SWIFT_COMPILATION_MODE = wholemodule;
				SWIFT_OPTIMIZATION_LEVEL = "-O";
				VALIDATE_PRODUCT = YES;
			};
			name = Release;
		};
		4A40200D23161E8400638057 /* Debug */ = {
			isa = XCBuildConfiguration;
			buildSettings = {
				ASSETCATALOG_COMPILER_APPICON_NAME = AppIcon;
				CODE_SIGN_STYLE = Automatic;
				INFOPLIST_FILE = CAVideo/Info.plist;
				LD_RUNPATH_SEARCH_PATHS = (
					"$(inherited)",
					"@executable_path/Frameworks",
				);
				PRODUCT_BUNDLE_IDENTIFIER = com.ZexueEducation.CAVideo;
				PRODUCT_NAME = "$(TARGET_NAME)";
				SWIFT_VERSION = 5.0;
				TARGETED_DEVICE_FAMILY = "1,2";
			};
			name = Debug;
		};
		4A40200E23161E8400638057 /* Release */ = {
			isa = XCBuildConfiguration;
			buildSettings = {
				ASSETCATALOG_COMPILER_APPICON_NAME = AppIcon;
				CODE_SIGN_STYLE = Automatic;
				INFOPLIST_FILE = CAVideo/Info.plist;
				LD_RUNPATH_SEARCH_PATHS = (
					"$(inherited)",
					"@executable_path/Frameworks",
				);
				PRODUCT_BUNDLE_IDENTIFIER = com.ZexueEducation.CAVideo;
				PRODUCT_NAME = "$(TARGET_NAME)";
				SWIFT_VERSION = 5.0;
				TARGETED_DEVICE_FAMILY = "1,2";
			};
			name = Release;
		};
		4A40201023161E8400638057 /* Debug */ = {
			isa = XCBuildConfiguration;
			buildSettings = {
				ALWAYS_EMBED_SWIFT_STANDARD_LIBRARIES = YES;
				BUNDLE_LOADER = "$(TEST_HOST)";
				CODE_SIGN_STYLE = Automatic;
				INFOPLIST_FILE = CAVideoTests/Info.plist;
				LD_RUNPATH_SEARCH_PATHS = (
					"$(inherited)",
					"@executable_path/Frameworks",
					"@loader_path/Frameworks",
				);
				PRODUCT_BUNDLE_IDENTIFIER = com.ZexueEducation.CAVideoTests;
				PRODUCT_NAME = "$(TARGET_NAME)";
				SWIFT_VERSION = 5.0;
				TARGETED_DEVICE_FAMILY = "1,2";
				TEST_HOST = "$(BUILT_PRODUCTS_DIR)/CAVideo.app/CAVideo";
			};
			name = Debug;
		};
		4A40201123161E8400638057 /* Release */ = {
			isa = XCBuildConfiguration;
			buildSettings = {
				ALWAYS_EMBED_SWIFT_STANDARD_LIBRARIES = YES;
				BUNDLE_LOADER = "$(TEST_HOST)";
				CODE_SIGN_STYLE = Automatic;
				INFOPLIST_FILE = CAVideoTests/Info.plist;
				LD_RUNPATH_SEARCH_PATHS = (
					"$(inherited)",
					"@executable_path/Frameworks",
					"@loader_path/Frameworks",
				);
				PRODUCT_BUNDLE_IDENTIFIER = com.ZexueEducation.CAVideoTests;
				PRODUCT_NAME = "$(TARGET_NAME)";
				SWIFT_VERSION = 5.0;
				TARGETED_DEVICE_FAMILY = "1,2";
				TEST_HOST = "$(BUILT_PRODUCTS_DIR)/CAVideo.app/CAVideo";
			};
			name = Release;
		};
		4A40201323161E8400638057 /* Debug */ = {
			isa = XCBuildConfiguration;
			buildSettings = {
				ALWAYS_EMBED_SWIFT_STANDARD_LIBRARIES = YES;
				CODE_SIGN_STYLE = Automatic;
				INFOPLIST_FILE = CAVideoUITests/Info.plist;
				LD_RUNPATH_SEARCH_PATHS = (
					"$(inherited)",
					"@executable_path/Frameworks",
					"@loader_path/Frameworks",
				);
				PRODUCT_BUNDLE_IDENTIFIER = com.ZexueEducation.CAVideoUITests;
				PRODUCT_NAME = "$(TARGET_NAME)";
				SWIFT_VERSION = 5.0;
				TARGETED_DEVICE_FAMILY = "1,2";
				TEST_TARGET_NAME = CAVideo;
			};
			name = Debug;
		};
		4A40201423161E8400638057 /* Release */ = {
			isa = XCBuildConfiguration;
			buildSettings = {
				ALWAYS_EMBED_SWIFT_STANDARD_LIBRARIES = YES;
				CODE_SIGN_STYLE = Automatic;
				INFOPLIST_FILE = CAVideoUITests/Info.plist;
				LD_RUNPATH_SEARCH_PATHS = (
					"$(inherited)",
					"@executable_path/Frameworks",
					"@loader_path/Frameworks",
				);
				PRODUCT_BUNDLE_IDENTIFIER = com.ZexueEducation.CAVideoUITests;
				PRODUCT_NAME = "$(TARGET_NAME)";
				SWIFT_VERSION = 5.0;
				TARGETED_DEVICE_FAMILY = "1,2";
				TEST_TARGET_NAME = CAVideo;
			};
			name = Release;
		};
/* End XCBuildConfiguration section */

/* Begin XCConfigurationList section */
		4A401FDF23161E8300638057 /* Build configuration list for PBXProject "CAVideo" */ = {
			isa = XCConfigurationList;
			buildConfigurations = (
				4A40200A23161E8400638057 /* Debug */,
				4A40200B23161E8400638057 /* Release */,
			);
			defaultConfigurationIsVisible = 0;
			defaultConfigurationName = Release;
		};
		4A40200C23161E8400638057 /* Build configuration list for PBXNativeTarget "CAVideo" */ = {
			isa = XCConfigurationList;
			buildConfigurations = (
				4A40200D23161E8400638057 /* Debug */,
				4A40200E23161E8400638057 /* Release */,
			);
			defaultConfigurationIsVisible = 0;
			defaultConfigurationName = Release;
		};
		4A40200F23161E8400638057 /* Build configuration list for PBXNativeTarget "CAVideoTests" */ = {
			isa = XCConfigurationList;
			buildConfigurations = (
				4A40201023161E8400638057 /* Debug */,
				4A40201123161E8400638057 /* Release */,
			);
			defaultConfigurationIsVisible = 0;
			defaultConfigurationName = Release;
		};
		4A40201223161E8400638057 /* Build configuration list for PBXNativeTarget "CAVideoUITests" */ = {
			isa = XCConfigurationList;
			buildConfigurations = (
				4A40201323161E8400638057 /* Debug */,
				4A40201423161E8400638057 /* Release */,
			);
			defaultConfigurationIsVisible = 0;
			defaultConfigurationName = Release;
		};
/* End XCConfigurationList section */
	};
	rootObject = 4A401FDC23161E8300638057 /* Project object */;
}
