// !$*UTF8*$!
{
	archiveVersion = 1;
	classes = {
	};
	objectVersion = 51;
	objects = {

/* Begin PBXBuildFile section */
		4A401FE823161E8300638057 /* AppDelegate.swift in Sources */ = {isa = PBXBuildFile; fileRef = 4A401FE723161E8300638057 /* AppDelegate.swift */; };
		4A401FED23161E8300638057 /* Main.storyboard in Resources */ = {isa = PBXBuildFile; fileRef = 4A401FEB23161E8300638057 /* Main.storyboard */; };
		4A401FEF23161E8400638057 /* Assets.xcassets in Resources */ = {isa = PBXBuildFile; fileRef = 4A401FEE23161E8400638057 /* Assets.xcassets */; };
		4A401FF223161E8400638057 /* LaunchScreen.storyboard in Resources */ = {isa = PBXBuildFile; fileRef = 4A401FF023161E8400638057 /* LaunchScreen.storyboard */; };
		4A401FFD23161E8400638057 /* CAVideoTests.swift in Sources */ = {isa = PBXBuildFile; fileRef = 4A401FFC23161E8400638057 /* CAVideoTests.swift */; };
		4A40200823161E8400638057 /* CAVideoUITests.swift in Sources */ = {isa = PBXBuildFile; fileRef = 4A40200723161E8400638057 /* CAVideoUITests.swift */; };
		4A40201623161F7300638057 /* RecommendVC.swift in Sources */ = {isa = PBXBuildFile; fileRef = 4A40201523161F7300638057 /* RecommendVC.swift */; };
		4A40201823161FC700638057 /* TelevisionVC.swift in Sources */ = {isa = PBXBuildFile; fileRef = 4A40201723161FC700638057 /* TelevisionVC.swift */; };
		4A40201A23161FD900638057 /* MovieVC.swift in Sources */ = {isa = PBXBuildFile; fileRef = 4A40201923161FD900638057 /* MovieVC.swift */; };
		4A40201C2316200100638057 /* SearchVC.swift in Sources */ = {isa = PBXBuildFile; fileRef = 4A40201B2316200100638057 /* SearchVC.swift */; };
		4A40201E23162C1C00638057 /* Network.swift in Sources */ = {isa = PBXBuildFile; fileRef = 4A40201D23162C1C00638057 /* Network.swift */; };
		4A402020231653A700638057 /* Model.swift in Sources */ = {isa = PBXBuildFile; fileRef = 4A40201F231653A700638057 /* Model.swift */; };
		4A40202323165BCE00638057 /* BaseCollectionViewCell.swift in Sources */ = {isa = PBXBuildFile; fileRef = 4A40202123165BCE00638057 /* BaseCollectionViewCell.swift */; };
		4A40202423165BCE00638057 /* BaseCollectionReusableView.swift in Sources */ = {isa = PBXBuildFile; fileRef = 4A40202223165BCE00638057 /* BaseCollectionReusableView.swift */; };
		4A40202723165BD800638057 /* UCollectionViewSectionBackgroundLayout.swift in Sources */ = {isa = PBXBuildFile; fileRef = 4A40202523165BD800638057 /* UCollectionViewSectionBackgroundLayout.swift */; };
		4A40202823165BD800638057 /* UCollectionViewAlignedLayout.swift in Sources */ = {isa = PBXBuildFile; fileRef = 4A40202623165BD800638057 /* UCollectionViewAlignedLayout.swift */; };
		4A40202B23165BF600638057 /* SystemCommon.swift in Sources */ = {isa = PBXBuildFile; fileRef = 4A40202923165BF500638057 /* SystemCommon.swift */; };
		4A40202C23165BF600638057 /* UEmptyDataSet.swift in Sources */ = {isa = PBXBuildFile; fileRef = 4A40202A23165BF500638057 /* UEmptyDataSet.swift */; };
		4A40202E23165C9800638057 /* MainCollectionViewCell.swift in Sources */ = {isa = PBXBuildFile; fileRef = 4A40202D23165C9800638057 /* MainCollectionViewCell.swift */; };
		4A40203023165F8A00638057 /* MainCollectionHeaderView.swift in Sources */ = {isa = PBXBuildFile; fileRef = 4A40202F23165F8A00638057 /* MainCollectionHeaderView.swift */; };
		4A40203723167FB400638057 /* MovieMoreVC.swift in Sources */ = {isa = PBXBuildFile; fileRef = 4A40203623167FB400638057 /* MovieMoreVC.swift */; };
		4A81954B23177C3000033FF2 /* DetailHeadView.swift in Sources */ = {isa = PBXBuildFile; fileRef = 4A81954A23177C3000033FF2 /* DetailHeadView.swift */; };
		4A81954D23177D3600033FF2 /* UIViewExtension.swift in Sources */ = {isa = PBXBuildFile; fileRef = 4A81954C23177D3600033FF2 /* UIViewExtension.swift */; };
		4A81954F231781F500033FF2 /* MovieDetailVC.swift in Sources */ = {isa = PBXBuildFile; fileRef = 4A81954E231781F500033FF2 /* MovieDetailVC.swift */; };
		4A819551231782FB00033FF2 /* BaseTableViewCell.swift in Sources */ = {isa = PBXBuildFile; fileRef = 4A819550231782FB00033FF2 /* BaseTableViewCell.swift */; };
		4A8195532317ACB800033FF2 /* ChapterTableViewCell.swift in Sources */ = {isa = PBXBuildFile; fileRef = 4A8195522317ACB800033FF2 /* ChapterTableViewCell.swift */; };
		4A8195552317BB1200033FF2 /* MoviePlayVC.swift in Sources */ = {isa = PBXBuildFile; fileRef = 4A8195542317BB1200033FF2 /* MoviePlayVC.swift */; };
		E06EBC557FBF819BEC5AD344 /* Pods_CAVideo.framework in Frameworks */ = {isa = PBXBuildFile; fileRef = 279809F2D0FCF8F96D779362 /* Pods_CAVideo.framework */; };
/* End PBXBuildFile section */

/* Begin PBXContainerItemProxy section */
		4A401FF923161E8400638057 /* PBXContainerItemProxy */ = {
			isa = PBXContainerItemProxy;
			containerPortal = 4A401FDC23161E8300638057 /* Project object */;
			proxyType = 1;
			remoteGlobalIDString = 4A401FE323161E8300638057;
			remoteInfo = CAVideo;
		};
		4A40200423161E8400638057 /* PBXContainerItemProxy */ = {
			isa = PBXContainerItemProxy;
			containerPortal = 4A401FDC23161E8300638057 /* Project object */;
			proxyType = 1;
			remoteGlobalIDString = 4A401FE323161E8300638057;
			remoteInfo = CAVideo;
		};
/* End PBXContainerItemProxy section */

/* Begin PBXFileReference section */
		1DB9B23E79F2EB41E26A0AF6 /* Pods-CAVideo.debug.xcconfig */ = {isa = PBXFileReference; includeInIndex = 1; lastKnownFileType = text.xcconfig; name = "Pods-CAVideo.debug.xcconfig"; path = "Target Support Files/Pods-CAVideo/Pods-CAVideo.debug.xcconfig"; sourceTree = "<group>"; };
		279809F2D0FCF8F96D779362 /* Pods_CAVideo.framework */ = {isa = PBXFileReference; explicitFileType = wrapper.framework; includeInIndex = 0; path = Pods_CAVideo.framework; sourceTree = BUILT_PRODUCTS_DIR; };
		4A401FE423161E8300638057 /* CAVideo.app */ = {isa = PBXFileReference; explicitFileType = wrapper.application; includeInIndex = 0; path = CAVideo.app; sourceTree = BUILT_PRODUCTS_DIR; };
		4A401FE723161E8300638057 /* AppDelegate.swift */ = {isa = PBXFileReference; lastKnownFileType = sourcecode.swift; path = AppDelegate.swift; sourceTree = "<group>"; };
		4A401FEC23161E8300638057 /* Base */ = {isa = PBXFileReference; lastKnownFileType = file.storyboard; name = Base; path = Base.lproj/Main.storyboard; sourceTree = "<group>"; };
		4A401FEE23161E8400638057 /* Assets.xcassets */ = {isa = PBXFileReference; lastKnownFileType = folder.assetcatalog; path = Assets.xcassets; sourceTree = "<group>"; };
		4A401FF123161E8400638057 /* Base */ = {isa = PBXFileReference; lastKnownFileType = file.storyboard; name = Base; path = Base.lproj/LaunchScreen.storyboard; sourceTree = "<group>"; };
		4A401FF323161E8400638057 /* Info.plist */ = {isa = PBXFileReference; lastKnownFileType = text.plist.xml; path = Info.plist; sourceTree = "<group>"; };
		4A401FF823161E8400638057 /* CAVideoTests.xctest */ = {isa = PBXFileReference; explicitFileType = wrapper.cfbundle; includeInIndex = 0; path = CAVideoTests.xctest; sourceTree = BUILT_PRODUCTS_DIR; };
		4A401FFC23161E8400638057 /* CAVideoTests.swift */ = {isa = PBXFileReference; lastKnownFileType = sourcecode.swift; path = CAVideoTests.swift; sourceTree = "<group>"; };
		4A401FFE23161E8400638057 /* Info.plist */ = {isa = PBXFileReference; lastKnownFileType = text.plist.xml; path = Info.plist; sourceTree = "<group>"; };
		4A40200323161E8400638057 /* CAVideoUITests.xctest */ = {isa = PBXFileReference; explicitFileType = wrapper.cfbundle; includeInIndex = 0; path = CAVideoUITests.xctest; sourceTree = BUILT_PRODUCTS_DIR; };
		4A40200723161E8400638057 /* CAVideoUITests.swift */ = {isa = PBXFileReference; lastKnownFileType = sourcecode.swift; path = CAVideoUITests.swift; sourceTree = "<group>"; };
		4A40200923161E8400638057 /* Info.plist */ = {isa = PBXFileReference; lastKnownFileType = text.plist.xml; path = Info.plist; sourceTree = "<group>"; };
		4A40201523161F7300638057 /* RecommendVC.swift */ = {isa = PBXFileReference; lastKnownFileType = sourcecode.swift; path = RecommendVC.swift; sourceTree = "<group>"; };
		4A40201723161FC700638057 /* TelevisionVC.swift */ = {isa = PBXFileReference; lastKnownFileType = sourcecode.swift; path = TelevisionVC.swift; sourceTree = "<group>"; };
		4A40201923161FD900638057 /* MovieVC.swift */ = {isa = PBXFileReference; lastKnownFileType = sourcecode.swift; path = MovieVC.swift; sourceTree = "<group>"; };
		4A40201B2316200100638057 /* SearchVC.swift */ = {isa = PBXFileReference; lastKnownFileType = sourcecode.swift; path = SearchVC.swift; sourceTree = "<group>"; };
		4A40201D23162C1C00638057 /* Network.swift */ = {isa = PBXFileReference; lastKnownFileType = sourcecode.swift; path = Network.swift; sourceTree = "<group>"; };
		4A40201F231653A700638057 /* Model.swift */ = {isa = PBXFileReference; lastKnownFileType = sourcecode.swift; path = Model.swift; sourceTree = "<group>"; };
		4A40202123165BCE00638057 /* BaseCollectionViewCell.swift */ = {isa = PBXFileReference; fileEncoding = 4; lastKnownFileType = sourcecode.swift; path = BaseCollectionViewCell.swift; sourceTree = "<group>"; };
		4A40202223165BCE00638057 /* BaseCollectionReusableView.swift */ = {isa = PBXFileReference; fileEncoding = 4; lastKnownFileType = sourcecode.swift; path = BaseCollectionReusableView.swift; sourceTree = "<group>"; };
		4A40202523165BD800638057 /* UCollectionViewSectionBackgroundLayout.swift */ = {isa = PBXFileReference; fileEncoding = 4; lastKnownFileType = sourcecode.swift; path = UCollectionViewSectionBackgroundLayout.swift; sourceTree = "<group>"; };
		4A40202623165BD800638057 /* UCollectionViewAlignedLayout.swift */ = {isa = PBXFileReference; fileEncoding = 4; lastKnownFileType = sourcecode.swift; path = UCollectionViewAlignedLayout.swift; sourceTree = "<group>"; };
		4A40202923165BF500638057 /* SystemCommon.swift */ = {isa = PBXFileReference; fileEncoding = 4; lastKnownFileType = sourcecode.swift; path = SystemCommon.swift; sourceTree = "<group>"; };
		4A40202A23165BF500638057 /* UEmptyDataSet.swift */ = {isa = PBXFileReference; fileEncoding = 4; lastKnownFileType = sourcecode.swift; path = UEmptyDataSet.swift; sourceTree = "<group>"; };
		4A40202D23165C9800638057 /* MainCollectionViewCell.swift */ = {isa = PBXFileReference; lastKnownFileType = sourcecode.swift; path = MainCollectionViewCell.swift; sourceTree = "<group>"; };
		4A40202F23165F8A00638057 /* MainCollectionHeaderView.swift */ = {isa = PBXFileReference; lastKnownFileType = sourcecode.swift; path = MainCollectionHeaderView.swift; sourceTree = "<group>"; };
		4A40203623167FB400638057 /* MovieMoreVC.swift */ = {isa = PBXFileReference; lastKnownFileType = sourcecode.swift; path = MovieMoreVC.swift; sourceTree = "<group>"; };
		4A81954A23177C3000033FF2 /* DetailHeadView.swift */ = {isa = PBXFileReference; lastKnownFileType = sourcecode.swift; path = DetailHeadView.swift; sourceTree = "<group>"; };
		4A81954C23177D3600033FF2 /* UIViewExtension.swift */ = {isa = PBXFileReference; fileEncoding = 4; lastKnownFileType = sourcecode.swift; path = UIViewExtension.swift; sourceTree = "<group>"; };
		4A81954E231781F500033FF2 /* MovieDetailVC.swift */ = {isa = PBXFileReference; lastKnownFileType = sourcecode.swift; path = MovieDetailVC.swift; sourceTree = "<group>"; };
		4A819550231782FB00033FF2 /* BaseTableViewCell.swift */ = {isa = PBXFileReference; fileEncoding = 4; lastKnownFileType = sourcecode.swift; path = BaseTableViewCell.swift; sourceTree = "<group>"; };
		4A8195522317ACB800033FF2 /* ChapterTableViewCell.swift */ = {isa = PBXFileReference; lastKnownFileType = sourcecode.swift; path = ChapterTableViewCell.swift; sourceTree = "<group>"; };
		4A8195542317BB1200033FF2 /* MoviePlayVC.swift */ = {isa = PBXFileReference; lastKnownFileType = sourcecode.swift; path = MoviePlayVC.swift; sourceTree = "<group>"; };
		F00E6682CCD049F4F4676E31 /* Pods-CAVideo.release.xcconfig */ = {isa = PBXFileReference; includeInIndex = 1; lastKnownFileType = text.xcconfig; name = "Pods-CAVideo.release.xcconfig"; path = "Target Support Files/Pods-CAVideo/Pods-CAVideo.release.xcconfig"; sourceTree = "<group>"; };
/* End PBXFileReference section */

/* Begin PBXFrameworksBuildPhase section */
		4A401FE123161E8300638057 /* Frameworks */ = {
			isa = PBXFrameworksBuildPhase;
			buildActionMask = 2147483647;
			files = (
				E06EBC557FBF819BEC5AD344 /* Pods_CAVideo.framework in Frameworks */,
			);
			runOnlyForDeploymentPostprocessing = 0;
		};
		4A401FF523161E8400638057 /* Frameworks */ = {
			isa = PBXFrameworksBuildPhase;
			buildActionMask = 2147483647;
			files = (
			);
			runOnlyForDeploymentPostprocessing = 0;
		};
		4A40200023161E8400638057 /* Frameworks */ = {
			isa = PBXFrameworksBuildPhase;
			buildActionMask = 2147483647;
			files = (
			);
			runOnlyForDeploymentPostprocessing = 0;
		};
/* End PBXFrameworksBuildPhase section */

/* Begin PBXGroup section */
		4A401FDB23161E8300638057 = {
			isa = PBXGroup;
			children = (
				4A401FE623161E8300638057 /* CAVideo */,
				4A401FFB23161E8400638057 /* CAVideoTests */,
				4A40200623161E8400638057 /* CAVideoUITests */,
				4A401FE523161E8300638057 /* Products */,
				DB9B2BD54E878355C754C772 /* Pods */,
				CAEBE9DEC12D73251073D12F /* Frameworks */,
			);
			sourceTree = "<group>";
		};
		4A401FE523161E8300638057 /* Products */ = {
			isa = PBXGroup;
			children = (
				4A401FE423161E8300638057 /* CAVideo.app */,
				4A401FF823161E8400638057 /* CAVideoTests.xctest */,
				4A40200323161E8400638057 /* CAVideoUITests.xctest */,
			);
			name = Products;
			sourceTree = "<group>";
		};
		4A401FE623161E8300638057 /* CAVideo */ = {
			isa = PBXGroup;
			children = (
				4A40203123167A5F00638057 /* Comment */,
				4A40203523167B9A00638057 /* Model */,
				4A40203323167AB000638057 /* View */,
				4A40203423167B5400638057 /* Controller */,
				4A401FEB23161E8300638057 /* Main.storyboard */,
				4A401FEE23161E8400638057 /* Assets.xcassets */,
				4A401FF023161E8400638057 /* LaunchScreen.storyboard */,
				4A401FF323161E8400638057 /* Info.plist */,
			);
			path = CAVideo;
			sourceTree = "<group>";
		};
		4A401FFB23161E8400638057 /* CAVideoTests */ = {
			isa = PBXGroup;
			children = (
				4A401FFC23161E8400638057 /* CAVideoTests.swift */,
				4A401FFE23161E8400638057 /* Info.plist */,
			);
			path = CAVideoTests;
			sourceTree = "<group>";
		};
		4A40200623161E8400638057 /* CAVideoUITests */ = {
			isa = PBXGroup;
			children = (
				4A40200723161E8400638057 /* CAVideoUITests.swift */,
				4A40200923161E8400638057 /* Info.plist */,
			);
			path = CAVideoUITests;
			sourceTree = "<group>";
		};
		4A40203123167A5F00638057 /* Comment */ = {
			isa = PBXGroup;
			children = (
				4A401FE723161E8300638057 /* AppDelegate.swift */,
				4A40201D23162C1C00638057 /* Network.swift */,
				4A40202123165BCE00638057 /* BaseCollectionViewCell.swift */,
				4A40202223165BCE00638057 /* BaseCollectionReusableView.swift */,
				4A819550231782FB00033FF2 /* BaseTableViewCell.swift */,
				4A40202523165BD800638057 /* UCollectionViewSectionBackgroundLayout.swift */,
				4A40202623165BD800638057 /* UCollectionViewAlignedLayout.swift */,
				4A40202A23165BF500638057 /* UEmptyDataSet.swift */,
				4A81954C23177D3600033FF2 /* UIViewExtension.swift */,
				4A40202923165BF500638057 /* SystemCommon.swift */,
			);
			path = Comment;
			sourceTree = "<group>";
		};
		4A40203323167AB000638057 /* View */ = {
			isa = PBXGroup;
			children = (
				4A40202F23165F8A00638057 /* MainCollectionHeaderView.swift */,
				4A40202D23165C9800638057 /* MainCollectionViewCell.swift */,
				4A81954A23177C3000033FF2 /* DetailHeadView.swift */,
				4A8195522317ACB800033FF2 /* ChapterTableViewCell.swift */,
			);
			path = View;
			sourceTree = "<group>";
		};
		4A40203423167B5400638057 /* Controller */ = {
			isa = PBXGroup;
			children = (
				4A40201523161F7300638057 /* RecommendVC.swift */,
				4A40201723161FC700638057 /* TelevisionVC.swift */,
				4A40201923161FD900638057 /* MovieVC.swift */,
				4A40201B2316200100638057 /* SearchVC.swift */,
				4A40203623167FB400638057 /* MovieMoreVC.swift */,
				4A81954E231781F500033FF2 /* MovieDetailVC.swift */,
				4A8195542317BB1200033FF2 /* MoviePlayVC.swift */,
			);
			path = Controller;
			sourceTree = "<group>";
		};
		4A40203523167B9A00638057 /* Model */ = {
			isa = PBXGroup;
			children = (
				4A40201F231653A700638057 /* Model.swift */,
			);
			path = Model;
			sourceTree = "<group>";
		};
		CAEBE9DEC12D73251073D12F /* Frameworks */ = {
			isa = PBXGroup;
			children = (
				279809F2D0FCF8F96D779362 /* Pods_CAVideo.framework */,
			);
			name = Frameworks;
			sourceTree = "<group>";
		};
		DB9B2BD54E878355C754C772 /* Pods */ = {
			isa = PBXGroup;
			children = (
				1DB9B23E79F2EB41E26A0AF6 /* Pods-CAVideo.debug.xcconfig */,
				F00E6682CCD049F4F4676E31 /* Pods-CAVideo.release.xcconfig */,
			);
			path = Pods;
			sourceTree = "<group>";
		};
/* End PBXGroup section */

/* Begin PBXNativeTarget section */
		4A401FE323161E8300638057 /* CAVideo */ = {
			isa = PBXNativeTarget;
			buildConfigurationList = 4A40200C23161E8400638057 /* Build configuration list for PBXNativeTarget "CAVideo" */;
			buildPhases = (
				B1AD307BA386B8B1374069B2 /* [CP] Check Pods Manifest.lock */,
				4A401FE023161E8300638057 /* Sources */,
				4A401FE123161E8300638057 /* Frameworks */,
				4A401FE223161E8300638057 /* Resources */,
				3320EC4356FE438B5BF1F4A3 /* [CP] Embed Pods Frameworks */,
			);
			buildRules = (
			);
			dependencies = (
			);
			name = CAVideo;
			productName = CAVideo;
			productReference = 4A401FE423161E8300638057 /* CAVideo.app */;
			productType = "com.apple.product-type.application";
		};
		4A401FF723161E8400638057 /* CAVideoTests */ = {
			isa = PBXNativeTarget;
			buildConfigurationList = 4A40200F23161E8400638057 /* Build configuration list for PBXNativeTarget "CAVideoTests" */;
			buildPhases = (
				4A401FF423161E8400638057 /* Sources */,
				4A401FF523161E8400638057 /* Frameworks */,
				4A401FF623161E8400638057 /* Resources */,
			);
			buildRules = (
			);
			dependencies = (
				4A401FFA23161E8400638057 /* PBXTargetDependency */,
			);
			name = CAVideoTests;
			productName = CAVideoTests;
			productReference = 4A401FF823161E8400638057 /* CAVideoTests.xctest */;
			productType = "com.apple.product-type.bundle.unit-test";
		};
		4A40200223161E8400638057 /* CAVideoUITests */ = {
			isa = PBXNativeTarget;
			buildConfigurationList = 4A40201223161E8400638057 /* Build configuration list for PBXNativeTarget "CAVideoUITests" */;
			buildPhases = (
				4A401FFF23161E8400638057 /* Sources */,
				4A40200023161E8400638057 /* Frameworks */,
				4A40200123161E8400638057 /* Resources */,
			);
			buildRules = (
			);
			dependencies = (
				4A40200523161E8400638057 /* PBXTargetDependency */,
			);
			name = CAVideoUITests;
			productName = CAVideoUITests;
			productReference = 4A40200323161E8400638057 /* CAVideoUITests.xctest */;
			productType = "com.apple.product-type.bundle.ui-testing";
		};
/* End PBXNativeTarget section */

/* Begin PBXProject section */
		4A401FDC23161E8300638057 /* Project object */ = {
			isa = PBXProject;
			attributes = {
				LastSwiftUpdateCheck = 1030;
				LastUpgradeCheck = 1030;
				ORGANIZATIONNAME = Cary;
				TargetAttributes = {
					4A401FE323161E8300638057 = {
						CreatedOnToolsVersion = 10.3;
					};
					4A401FF723161E8400638057 = {
						CreatedOnToolsVersion = 10.3;
						TestTargetID = 4A401FE323161E8300638057;
					};
					4A40200223161E8400638057 = {
						CreatedOnToolsVersion = 10.3;
						TestTargetID = 4A401FE323161E8300638057;
					};
				};
			};
			buildConfigurationList = 4A401FDF23161E8300638057 /* Build configuration list for PBXProject "CAVideo" */;
			compatibilityVersion = "Xcode 9.3";
			developmentRegion = en;
			hasScannedForEncodings = 0;
			knownRegions = (
				en,
				Base,
			);
			mainGroup = 4A401FDB23161E8300638057;
			productRefGroup = 4A401FE523161E8300638057 /* Products */;
			projectDirPath = "";
			projectRoot = "";
			targets = (
				4A401FE323161E8300638057 /* CAVideo */,
				4A401FF723161E8400638057 /* CAVideoTests */,
				4A40200223161E8400638057 /* CAVideoUITests */,
			);
		};
/* End PBXProject section */

/* Begin PBXResourcesBuildPhase section */
		4A401FE223161E8300638057 /* Resources */ = {
			isa = PBXResourcesBuildPhase;
			buildActionMask = 2147483647;
			files = (
				4A401FF223161E8400638057 /* LaunchScreen.storyboard in Resources */,
				4A401FEF23161E8400638057 /* Assets.xcassets in Resources */,
				4A401FED23161E8300638057 /* Main.storyboard in Resources */,
			);
			runOnlyForDeploymentPostprocessing = 0;
		};
		4A401FF623161E8400638057 /* Resources */ = {
			isa = PBXResourcesBuildPhase;
			buildActionMask = 2147483647;
			files = (
			);
			runOnlyForDeploymentPostprocessing = 0;
		};
		4A40200123161E8400638057 /* Resources */ = {
			isa = PBXResourcesBuildPhase;
			buildActionMask = 2147483647;
			files = (
			);
			runOnlyForDeploymentPostprocessing = 0;
		};
/* End PBXResourcesBuildPhase section */

/* Begin PBXShellScriptBuildPhase section */
		3320EC4356FE438B5BF1F4A3 /* [CP] Embed Pods Frameworks */ = {
			isa = PBXShellScriptBuildPhase;
			buildActionMask = 2147483647;
			files = (
			);
			inputFileListPaths = (
				"${PODS_ROOT}/Target Support Files/Pods-CAVideo/Pods-CAVideo-frameworks-${CONFIGURATION}-input-files.xcfilelist",
			);
			name = "[CP] Embed Pods Frameworks";
			outputFileListPaths = (
				"${PODS_ROOT}/Target Support Files/Pods-CAVideo/Pods-CAVideo-frameworks-${CONFIGURATION}-output-files.xcfilelist",
			);
			runOnlyForDeploymentPostprocessing = 0;
			shellPath = /bin/sh;
			shellScript = "\"${PODS_ROOT}/Target Support Files/Pods-CAVideo/Pods-CAVideo-frameworks.sh\"\n";
			showEnvVarsInLog = 0;
		};
		B1AD307BA386B8B1374069B2 /* [CP] Check Pods Manifest.lock */ = {
			isa = PBXShellScriptBuildPhase;
			buildActionMask = 2147483647;
			files = (
			);
			inputFileListPaths = (
			);
			inputPaths = (
				"${PODS_PODFILE_DIR_PATH}/Podfile.lock",
				"${PODS_ROOT}/Manifest.lock",
			);
			name = "[CP] Check Pods Manifest.lock";
			outputFileListPaths = (
			);
			outputPaths = (
				"$(DERIVED_FILE_DIR)/Pods-CAVideo-checkManifestLockResult.txt",
			);
			runOnlyForDeploymentPostprocessing = 0;
			shellPath = /bin/sh;
			shellScript = "diff \"${PODS_PODFILE_DIR_PATH}/Podfile.lock\" \"${PODS_ROOT}/Manifest.lock\" > /dev/null\nif [ $? != 0 ] ; then\n    # print error to STDERR\n    echo \"error: The sandbox is not in sync with the Podfile.lock. Run 'pod install' or update your CocoaPods installation.\" >&2\n    exit 1\nfi\n# This output is used by Xcode 'outputs' to avoid re-running this script phase.\necho \"SUCCESS\" > \"${SCRIPT_OUTPUT_FILE_0}\"\n";
			showEnvVarsInLog = 0;
		};
/* End PBXShellScriptBuildPhase section */

/* Begin PBXSourcesBuildPhase section */
		4A401FE023161E8300638057 /* Sources */ = {
			isa = PBXSourcesBuildPhase;
			buildActionMask = 2147483647;
			files = (
				4A81954F231781F500033FF2 /* MovieDetailVC.swift in Sources */,
				4A8195552317BB1200033FF2 /* MoviePlayVC.swift in Sources */,
				4A81954B23177C3000033FF2 /* DetailHeadView.swift in Sources */,
				4A40201C2316200100638057 /* SearchVC.swift in Sources */,
				4A40201823161FC700638057 /* TelevisionVC.swift in Sources */,
				4A40202C23165BF600638057 /* UEmptyDataSet.swift in Sources */,
				4A40202323165BCE00638057 /* BaseCollectionViewCell.swift in Sources */,
				4A40202B23165BF600638057 /* SystemCommon.swift in Sources */,
				4A81954D23177D3600033FF2 /* UIViewExtension.swift in Sources */,
				4A819551231782FB00033FF2 /* BaseTableViewCell.swift in Sources */,
				4A40202823165BD800638057 /* UCollectionViewAlignedLayout.swift in Sources */,
				4A40202E23165C9800638057 /* MainCollectionViewCell.swift in Sources */,
				4A401FE823161E8300638057 /* AppDelegate.swift in Sources */,
				4A40203723167FB400638057 /* MovieMoreVC.swift in Sources */,
				4A40201623161F7300638057 /* RecommendVC.swift in Sources */,
				4A8195532317ACB800033FF2 /* ChapterTableViewCell.swift in Sources */,
				4A40202423165BCE00638057 /* BaseCollectionReusableView.swift in Sources */,
				4A40202723165BD800638057 /* UCollectionViewSectionBackgroundLayout.swift in Sources */,
				4A40201E23162C1C00638057 /* Network.swift in Sources */,
				4A40201A23161FD900638057 /* MovieVC.swift in Sources */,
				4A40203023165F8A00638057 /* MainCollectionHeaderView.swift in Sources */,
				4A402020231653A700638057 /* Model.swift in Sources */,
			);
			runOnlyForDeploymentPostprocessing = 0;
		};
		4A401FF423161E8400638057 /* Sources */ = {
			isa = PBXSourcesBuildPhase;
			buildActionMask = 2147483647;
			files = (
				4A401FFD23161E8400638057 /* CAVideoTests.swift in Sources */,
			);
			runOnlyForDeploymentPostprocessing = 0;
		};
		4A401FFF23161E8400638057 /* Sources */ = {
			isa = PBXSourcesBuildPhase;
			buildActionMask = 2147483647;
			files = (
				4A40200823161E8400638057 /* CAVideoUITests.swift in Sources */,
			);
			runOnlyForDeploymentPostprocessing = 0;
		};
/* End PBXSourcesBuildPhase section */

/* Begin PBXTargetDependency section */
		4A401FFA23161E8400638057 /* PBXTargetDependency */ = {
			isa = PBXTargetDependency;
			target = 4A401FE323161E8300638057 /* CAVideo */;
			targetProxy = 4A401FF923161E8400638057 /* PBXContainerItemProxy */;
		};
		4A40200523161E8400638057 /* PBXTargetDependency */ = {
			isa = PBXTargetDependency;
			target = 4A401FE323161E8300638057 /* CAVideo */;
			targetProxy = 4A40200423161E8400638057 /* PBXContainerItemProxy */;
		};
/* End PBXTargetDependency section */

/* Begin PBXVariantGroup section */
		4A401FEB23161E8300638057 /* Main.storyboard */ = {
			isa = PBXVariantGroup;
			children = (
				4A401FEC23161E8300638057 /* Base */,
			);
			name = Main.storyboard;
			sourceTree = "<group>";
		};
		4A401FF023161E8400638057 /* LaunchScreen.storyboard */ = {
			isa = PBXVariantGroup;
			children = (
				4A401FF123161E8400638057 /* Base */,
			);
			name = LaunchScreen.storyboard;
			sourceTree = "<group>";
		};
/* End PBXVariantGroup section */

/* Begin XCBuildConfiguration section */
		4A40200A23161E8400638057 /* Debug */ = {
			isa = XCBuildConfiguration;
			buildSettings = {
				ALWAYS_SEARCH_USER_PATHS = NO;
				CLANG_ANALYZER_NONNULL = YES;
				CLANG_ANALYZER_NUMBER_OBJECT_CONVERSION = YES_AGGRESSIVE;
				CLANG_CXX_LANGUAGE_STANDARD = "gnu++14";
				CLANG_CXX_LIBRARY = "libc++";
				CLANG_ENABLE_MODULES = YES;
				CLANG_ENABLE_OBJC_ARC = YES;
				CLANG_ENABLE_OBJC_WEAK = YES;
				CLANG_WARN_BLOCK_CAPTURE_AUTORELEASING = YES;
				CLANG_WARN_BOOL_CONVERSION = YES;
				CLANG_WARN_COMMA = YES;
				CLANG_WARN_CONSTANT_CONVERSION = YES;
				CLANG_WARN_DEPRECATED_OBJC_IMPLEMENTATIONS = YES;
				CLANG_WARN_DIRECT_OBJC_ISA_USAGE = YES_ERROR;
				CLANG_WARN_DOCUMENTATION_COMMENTS = YES;
				CLANG_WARN_EMPTY_BODY = YES;
				CLANG_WARN_ENUM_CONVERSION = YES;
				CLANG_WARN_INFINITE_RECURSION = YES;
				CLANG_WARN_INT_CONVERSION = YES;
				CLANG_WARN_NON_LITERAL_NULL_CONVERSION = YES;
				CLANG_WARN_OBJC_IMPLICIT_RETAIN_SELF = YES;
				CLANG_WARN_OBJC_LITERAL_CONVERSION = YES;
				CLANG_WARN_OBJC_ROOT_CLASS = YES_ERROR;
				CLANG_WARN_RANGE_LOOP_ANALYSIS = YES;
				CLANG_WARN_STRICT_PROTOTYPES = YES;
				CLANG_WARN_SUSPICIOUS_MOVE = YES;
				CLANG_WARN_UNGUARDED_AVAILABILITY = YES_AGGRESSIVE;
				CLANG_WARN_UNREACHABLE_CODE = YES;
				CLANG_WARN__DUPLICATE_METHOD_MATCH = YES;
				CODE_SIGN_IDENTITY = "iPhone Developer";
				COPY_PHASE_STRIP = NO;
				DEBUG_INFORMATION_FORMAT = dwarf;
				ENABLE_STRICT_OBJC_MSGSEND = YES;
				ENABLE_TESTABILITY = YES;
				GCC_C_LANGUAGE_STANDARD = gnu11;
				GCC_DYNAMIC_NO_PIC = NO;
				GCC_NO_COMMON_BLOCKS = YES;
				GCC_OPTIMIZATION_LEVEL = 0;
				GCC_PREPROCESSOR_DEFINITIONS = (
					"DEBUG=1",
					"$(inherited)",
				);
				GCC_WARN_64_TO_32_BIT_CONVERSION = YES;
				GCC_WARN_ABOUT_RETURN_TYPE = YES_ERROR;
				GCC_WARN_UNDECLARED_SELECTOR = YES;
				GCC_WARN_UNINITIALIZED_AUTOS = YES_AGGRESSIVE;
				GCC_WARN_UNUSED_FUNCTION = YES;
				GCC_WARN_UNUSED_VARIABLE = YES;
				IPHONEOS_DEPLOYMENT_TARGET = 12.4;
				MTL_ENABLE_DEBUG_INFO = INCLUDE_SOURCE;
				MTL_FAST_MATH = YES;
				ONLY_ACTIVE_ARCH = YES;
				SDKROOT = iphoneos;
				SWIFT_ACTIVE_COMPILATION_CONDITIONS = DEBUG;
				SWIFT_OPTIMIZATION_LEVEL = "-Onone";
			};
			name = Debug;
		};
		4A40200B23161E8400638057 /* Release */ = {
			isa = XCBuildConfiguration;
			buildSettings = {
				ALWAYS_SEARCH_USER_PATHS = NO;
				CLANG_ANALYZER_NONNULL = YES;
				CLANG_ANALYZER_NUMBER_OBJECT_CONVERSION = YES_AGGRESSIVE;
				CLANG_CXX_LANGUAGE_STANDARD = "gnu++14";
				CLANG_CXX_LIBRARY = "libc++";
				CLANG_ENABLE_MODULES = YES;
				CLANG_ENABLE_OBJC_ARC = YES;
				CLANG_ENABLE_OBJC_WEAK = YES;
				CLANG_WARN_BLOCK_CAPTURE_AUTORELEASING = YES;
				CLANG_WARN_BOOL_CONVERSION = YES;
				CLANG_WARN_COMMA = YES;
				CLANG_WARN_CONSTANT_CONVERSION = YES;
				CLANG_WARN_DEPRECATED_OBJC_IMPLEMENTATIONS = YES;
				CLANG_WARN_DIRECT_OBJC_ISA_USAGE = YES_ERROR;
				CLANG_WARN_DOCUMENTATION_COMMENTS = YES;
				CLANG_WARN_EMPTY_BODY = YES;
				CLANG_WARN_ENUM_CONVERSION = YES;
				CLANG_WARN_INFINITE_RECURSION = YES;
				CLANG_WARN_INT_CONVERSION = YES;
				CLANG_WARN_NON_LITERAL_NULL_CONVERSION = YES;
				CLANG_WARN_OBJC_IMPLICIT_RETAIN_SELF = YES;
				CLANG_WARN_OBJC_LITERAL_CONVERSION = YES;
				CLANG_WARN_OBJC_ROOT_CLASS = YES_ERROR;
				CLANG_WARN_RANGE_LOOP_ANALYSIS = YES;
				CLANG_WARN_STRICT_PROTOTYPES = YES;
				CLANG_WARN_SUSPICIOUS_MOVE = YES;
				CLANG_WARN_UNGUARDED_AVAILABILITY = YES_AGGRESSIVE;
				CLANG_WARN_UNREACHABLE_CODE = YES;
				CLANG_WARN__DUPLICATE_METHOD_MATCH = YES;
				CODE_SIGN_IDENTITY = "iPhone Developer";
				COPY_PHASE_STRIP = NO;
				DEBUG_INFORMATION_FORMAT = "dwarf-with-dsym";
				ENABLE_NS_ASSERTIONS = NO;
				ENABLE_STRICT_OBJC_MSGSEND = YES;
				GCC_C_LANGUAGE_STANDARD = gnu11;
				GCC_NO_COMMON_BLOCKS = YES;
				GCC_WARN_64_TO_32_BIT_CONVERSION = YES;
				GCC_WARN_ABOUT_RETURN_TYPE = YES_ERROR;
				GCC_WARN_UNDECLARED_SELECTOR = YES;
				GCC_WARN_UNINITIALIZED_AUTOS = YES_AGGRESSIVE;
				GCC_WARN_UNUSED_FUNCTION = YES;
				GCC_WARN_UNUSED_VARIABLE = YES;
				IPHONEOS_DEPLOYMENT_TARGET = 12.4;
				MTL_ENABLE_DEBUG_INFO = NO;
				MTL_FAST_MATH = YES;
				SDKROOT = iphoneos;
				SWIFT_COMPILATION_MODE = wholemodule;
				SWIFT_OPTIMIZATION_LEVEL = "-O";
				VALIDATE_PRODUCT = YES;
			};
			name = Release;
		};
		4A40200D23161E8400638057 /* Debug */ = {
			isa = XCBuildConfiguration;
			baseConfigurationReference = 1DB9B23E79F2EB41E26A0AF6 /* Pods-CAVideo.debug.xcconfig */;
			buildSettings = {
				ASSETCATALOG_COMPILER_APPICON_NAME = AppIcon;
				CODE_SIGN_STYLE = Automatic;
				DEVELOPMENT_TEAM = QAA4P965T4;
				INFOPLIST_FILE = CAVideo/Info.plist;
				IPHONEOS_DEPLOYMENT_TARGET = 10.0;
				LD_RUNPATH_SEARCH_PATHS = (
					"$(inherited)",
					"@executable_path/Frameworks",
				);
				PRODUCT_BUNDLE_IDENTIFIER = com.ZexueEducation.CAVideo;
				PRODUCT_NAME = "$(TARGET_NAME)";
				SWIFT_VERSION = 5.0;
				TARGETED_DEVICE_FAMILY = "1,2";
			};
			name = Debug;
		};
		4A40200E23161E8400638057 /* Release */ = {
			isa = XCBuildConfiguration;
			baseConfigurationReference = F00E6682CCD049F4F4676E31 /* Pods-CAVideo.release.xcconfig */;
			buildSettings = {
				ASSETCATALOG_COMPILER_APPICON_NAME = AppIcon;
				CODE_SIGN_STYLE = Automatic;
				DEVELOPMENT_TEAM = QAA4P965T4;
				INFOPLIST_FILE = CAVideo/Info.plist;
				IPHONEOS_DEPLOYMENT_TARGET = 10.0;
				LD_RUNPATH_SEARCH_PATHS = (
					"$(inherited)",
					"@executable_path/Frameworks",
				);
				PRODUCT_BUNDLE_IDENTIFIER = com.ZexueEducation.CAVideo;
				PRODUCT_NAME = "$(TARGET_NAME)";
				SWIFT_VERSION = 5.0;
				TARGETED_DEVICE_FAMILY = "1,2";
			};
			name = Release;
		};
		4A40201023161E8400638057 /* Debug */ = {
			isa = XCBuildConfiguration;
			buildSettings = {
				ALWAYS_EMBED_SWIFT_STANDARD_LIBRARIES = YES;
				BUNDLE_LOADER = "$(TEST_HOST)";
				CODE_SIGN_STYLE = Automatic;
				INFOPLIST_FILE = CAVideoTests/Info.plist;
				LD_RUNPATH_SEARCH_PATHS = (
					"$(inherited)",
					"@executable_path/Frameworks",
					"@loader_path/Frameworks",
				);
				PRODUCT_BUNDLE_IDENTIFIER = com.ZexueEducation.CAVideoTests;
				PRODUCT_NAME = "$(TARGET_NAME)";
				SWIFT_VERSION = 5.0;
				TARGETED_DEVICE_FAMILY = "1,2";
				TEST_HOST = "$(BUILT_PRODUCTS_DIR)/CAVideo.app/CAVideo";
			};
			name = Debug;
		};
		4A40201123161E8400638057 /* Release */ = {
			isa = XCBuildConfiguration;
			buildSettings = {
				ALWAYS_EMBED_SWIFT_STANDARD_LIBRARIES = YES;
				BUNDLE_LOADER = "$(TEST_HOST)";
				CODE_SIGN_STYLE = Automatic;
				INFOPLIST_FILE = CAVideoTests/Info.plist;
				LD_RUNPATH_SEARCH_PATHS = (
					"$(inherited)",
					"@executable_path/Frameworks",
					"@loader_path/Frameworks",
				);
				PRODUCT_BUNDLE_IDENTIFIER = com.ZexueEducation.CAVideoTests;
				PRODUCT_NAME = "$(TARGET_NAME)";
				SWIFT_VERSION = 5.0;
				TARGETED_DEVICE_FAMILY = "1,2";
				TEST_HOST = "$(BUILT_PRODUCTS_DIR)/CAVideo.app/CAVideo";
			};
			name = Release;
		};
		4A40201323161E8400638057 /* Debug */ = {
			isa = XCBuildConfiguration;
			buildSettings = {
				ALWAYS_EMBED_SWIFT_STANDARD_LIBRARIES = YES;
				CODE_SIGN_STYLE = Automatic;
				INFOPLIST_FILE = CAVideoUITests/Info.plist;
				LD_RUNPATH_SEARCH_PATHS = (
					"$(inherited)",
					"@executable_path/Frameworks",
					"@loader_path/Frameworks",
				);
				PRODUCT_BUNDLE_IDENTIFIER = com.ZexueEducation.CAVideoUITests;
				PRODUCT_NAME = "$(TARGET_NAME)";
				SWIFT_VERSION = 5.0;
				TARGETED_DEVICE_FAMILY = "1,2";
				TEST_TARGET_NAME = CAVideo;
			};
			name = Debug;
		};
		4A40201423161E8400638057 /* Release */ = {
			isa = XCBuildConfiguration;
			buildSettings = {
				ALWAYS_EMBED_SWIFT_STANDARD_LIBRARIES = YES;
				CODE_SIGN_STYLE = Automatic;
				INFOPLIST_FILE = CAVideoUITests/Info.plist;
				LD_RUNPATH_SEARCH_PATHS = (
					"$(inherited)",
					"@executable_path/Frameworks",
					"@loader_path/Frameworks",
				);
				PRODUCT_BUNDLE_IDENTIFIER = com.ZexueEducation.CAVideoUITests;
				PRODUCT_NAME = "$(TARGET_NAME)";
				SWIFT_VERSION = 5.0;
				TARGETED_DEVICE_FAMILY = "1,2";
				TEST_TARGET_NAME = CAVideo;
			};
			name = Release;
		};
/* End XCBuildConfiguration section */

/* Begin XCConfigurationList section */
		4A401FDF23161E8300638057 /* Build configuration list for PBXProject "CAVideo" */ = {
			isa = XCConfigurationList;
			buildConfigurations = (
				4A40200A23161E8400638057 /* Debug */,
				4A40200B23161E8400638057 /* Release */,
			);
			defaultConfigurationIsVisible = 0;
			defaultConfigurationName = Release;
		};
		4A40200C23161E8400638057 /* Build configuration list for PBXNativeTarget "CAVideo" */ = {
			isa = XCConfigurationList;
			buildConfigurations = (
				4A40200D23161E8400638057 /* Debug */,
				4A40200E23161E8400638057 /* Release */,
			);
			defaultConfigurationIsVisible = 0;
			defaultConfigurationName = Release;
		};
		4A40200F23161E8400638057 /* Build configuration list for PBXNativeTarget "CAVideoTests" */ = {
			isa = XCConfigurationList;
			buildConfigurations = (
				4A40201023161E8400638057 /* Debug */,
				4A40201123161E8400638057 /* Release */,
			);
			defaultConfigurationIsVisible = 0;
			defaultConfigurationName = Release;
		};
		4A40201223161E8400638057 /* Build configuration list for PBXNativeTarget "CAVideoUITests" */ = {
			isa = XCConfigurationList;
			buildConfigurations = (
				4A40201323161E8400638057 /* Debug */,
				4A40201423161E8400638057 /* Release */,
			);
			defaultConfigurationIsVisible = 0;
			defaultConfigurationName = Release;
		};
/* End XCConfigurationList section */
	};
	rootObject = 4A401FDC23161E8300638057 /* Project object */;
}
